
Microsoft Visual Studio Solution File, Format Version 12.00
# Visual Studio Version 16
VisualStudioVersion = 16.0.29613.14
MinimumVisualStudioVersion = 10.0.40219.1
Project("{FAE04EC0-301F-11D3-BF4B-00C04F79EFBC}") = "RegexRegistration", "RegexRegistration.csproj", "{02DC738B-4183-44D4-9C48-103D29038373}"
EndProject
Global
	GlobalSection(SolutionConfigurationPlatforms) = preSolution
		Debug|Any CPU = Debug|Any CPU
		Release|Any CPU = Release|Any CPU
	EndGlobalSection
	GlobalSection(ProjectConfigurationPlatforms) = postSolution
		{02DC738B-4183-44D4-9C48-103D29038373}.Debug|Any CPU.ActiveCfg = Debug|Any CPU
		{02DC738B-4183-44D4-9C48-103D29038373}.Debug|Any CPU.Build.0 = Debug|Any CPU
		{02DC738B-4183-44D4-9C48-103D29038373}.Release|Any CPU.ActiveCfg = Release|Any CPU
		{02DC738B-4183-44D4-9C48-103D29038373}.Release|Any CPU.Build.0 = Release|Any CPU
	EndGlobalSection
	GlobalSection(SolutionProperties) = preSolution
		HideSolutionNode = FALSE
	EndGlobalSection
	GlobalSection(ExtensibilityGlobals) = postSolution
		SolutionGuid = {56AC9138-27B8-4D33-9CCB-B72479F4B97D}
	EndGlobalSection
EndGlobal
